
Microsoft Visual Studio Solution File, Format Version 12.00
# Visual Studio 14
VisualStudioVersion = 14.0.23107.0
MinimumVisualStudioVersion = 10.0.40219.1
Project("{FAE04EC0-301F-11D3-BF4B-00C04F79EFBC}") = "WorkNCInfoService.Domain", "WorkNCInfoService.Domain\WorkNCInfoService.Domain.csproj", "{023908BE-0DB6-40E3-AF9D-D93C22949218}"
EndProject
Project("{FAE04EC0-301F-11D3-BF4B-00C04F79EFBC}") = "WorkNCInfoService.Utilities", "WorkNCInfoService.Utilities\WorkNCInfoService.Utilities.csproj", "{6D8D82B2-609F-4595-A737-126AFF7BE4B6}"
EndProject
Project("{FAE04EC0-301F-11D3-BF4B-00C04F79EFBC}") = "WorkNCInfoService.WebForm", "WorkNCInfoService.WebForm\WorkNCInfoService.WebForm.csproj", "{B7A73744-7C3E-4E97-9BEB-AAFCEF3EF7C1}"
EndProject
Project("{FAE04EC0-301F-11D3-BF4B-00C04F79EFBC}") = "WorkNCInfoService.VMIS", "WorkNCInfoService.VMIS\WorkNCInfoService.VMIS.csproj", "{372B6505-3F0B-4282-8F64-A8131FFCD3AD}"
EndProject
Project("{6141683F-8A12-4E36-9623-2EB02B2C2303}") = "WorkNCInfoService.VMIS.SetUp", "WorkNCInfoService.VMIS.SetUp\WorkNCInfoService.VMIS.SetUp.isproj", "{B0EA8B55-9B9F-4DF2-9FFD-01D451F95650}"
	ProjectSection(ProjectDependencies) = postProject
		{372B6505-3F0B-4282-8F64-A8131FFCD3AD} = {372B6505-3F0B-4282-8F64-A8131FFCD3AD}
	EndProjectSection
EndProject
Project("{FAE04EC0-301F-11D3-BF4B-00C04F79EFBC}") = "WorkNCInfoService.WorkZoneStorage", "WorkNCInfoService.WorkZoneStorage\WorkNCInfoService.WorkZoneStorage.csproj", "{E5718633-C276-486B-AA6A-CE089CB95480}"
EndProject
Project("{FAE04EC0-301F-11D3-BF4B-00C04F79EFBC}") = "WorkNCInfoService.Mvc5", "WorkNCInfoService.Mvc5\WorkNCInfoService.Mvc5.csproj", "{6AF66CE9-51F5-4D04-BB36-2102C86DC323}"
EndProject
Global
	GlobalSection(SolutionConfigurationPlatforms) = preSolution
		CD_ROM|Any CPU = CD_ROM|Any CPU
		Debug|Any CPU = Debug|Any CPU
		DVD-5|Any CPU = DVD-5|Any CPU
		Release|Any CPU = Release|Any CPU
		SingleImage|Any CPU = SingleImage|Any CPU
	EndGlobalSection
	GlobalSection(ProjectConfigurationPlatforms) = postSolution
		{023908BE-0DB6-40E3-AF9D-D93C22949218}.CD_ROM|Any CPU.ActiveCfg = Release|Any CPU
		{023908BE-0DB6-40E3-AF9D-D93C22949218}.CD_ROM|Any CPU.Build.0 = Release|Any CPU
		{023908BE-0DB6-40E3-AF9D-D93C22949218}.Debug|Any CPU.ActiveCfg = Debug|Any CPU
		{023908BE-0DB6-40E3-AF9D-D93C22949218}.Debug|Any CPU.Build.0 = Debug|Any CPU
		{023908BE-0DB6-40E3-AF9D-D93C22949218}.DVD-5|Any CPU.ActiveCfg = Debug|Any CPU
		{023908BE-0DB6-40E3-AF9D-D93C22949218}.DVD-5|Any CPU.Build.0 = Debug|Any CPU
		{023908BE-0DB6-40E3-AF9D-D93C22949218}.Release|Any CPU.ActiveCfg = Release|Any CPU
		{023908BE-0DB6-40E3-AF9D-D93C22949218}.Release|Any CPU.Build.0 = Release|Any CPU
		{023908BE-0DB6-40E3-AF9D-D93C22949218}.SingleImage|Any CPU.ActiveCfg = Release|Any CPU
		{023908BE-0DB6-40E3-AF9D-D93C22949218}.SingleImage|Any CPU.Build.0 = Release|Any CPU
		{6D8D82B2-609F-4595-A737-126AFF7BE4B6}.CD_ROM|Any CPU.ActiveCfg = Release|Any CPU
		{6D8D82B2-609F-4595-A737-126AFF7BE4B6}.CD_ROM|Any CPU.Build.0 = Release|Any CPU
		{6D8D82B2-609F-4595-A737-126AFF7BE4B6}.Debug|Any CPU.ActiveCfg = Debug|Any CPU
		{6D8D82B2-609F-4595-A737-126AFF7BE4B6}.Debug|Any CPU.Build.0 = Debug|Any CPU
		{6D8D82B2-609F-4595-A737-126AFF7BE4B6}.DVD-5|Any CPU.ActiveCfg = Debug|Any CPU
		{6D8D82B2-609F-4595-A737-126AFF7BE4B6}.DVD-5|Any CPU.Build.0 = Debug|Any CPU
		{6D8D82B2-609F-4595-A737-126AFF7BE4B6}.Release|Any CPU.ActiveCfg = Release|Any CPU
		{6D8D82B2-609F-4595-A737-126AFF7BE4B6}.Release|Any CPU.Build.0 = Release|Any CPU
		{6D8D82B2-609F-4595-A737-126AFF7BE4B6}.SingleImage|Any CPU.ActiveCfg = Release|Any CPU
		{6D8D82B2-609F-4595-A737-126AFF7BE4B6}.SingleImage|Any CPU.Build.0 = Release|Any CPU
		{B7A73744-7C3E-4E97-9BEB-AAFCEF3EF7C1}.CD_ROM|Any CPU.ActiveCfg = Release|Any CPU
		{B7A73744-7C3E-4E97-9BEB-AAFCEF3EF7C1}.CD_ROM|Any CPU.Build.0 = Release|Any CPU
		{B7A73744-7C3E-4E97-9BEB-AAFCEF3EF7C1}.Debug|Any CPU.ActiveCfg = Debug|Any CPU
		{B7A73744-7C3E-4E97-9BEB-AAFCEF3EF7C1}.Debug|Any CPU.Build.0 = Debug|Any CPU
		{B7A73744-7C3E-4E97-9BEB-AAFCEF3EF7C1}.DVD-5|Any CPU.ActiveCfg = Debug|Any CPU
		{B7A73744-7C3E-4E97-9BEB-AAFCEF3EF7C1}.DVD-5|Any CPU.Build.0 = Debug|Any CPU
		{B7A73744-7C3E-4E97-9BEB-AAFCEF3EF7C1}.Release|Any CPU.ActiveCfg = Release|Any CPU
		{B7A73744-7C3E-4E97-9BEB-AAFCEF3EF7C1}.Release|Any CPU.Build.0 = Release|Any CPU
		{B7A73744-7C3E-4E97-9BEB-AAFCEF3EF7C1}.SingleImage|Any CPU.ActiveCfg = Release|Any CPU
		{B7A73744-7C3E-4E97-9BEB-AAFCEF3EF7C1}.SingleImage|Any CPU.Build.0 = Release|Any CPU
		{372B6505-3F0B-4282-8F64-A8131FFCD3AD}.CD_ROM|Any CPU.ActiveCfg = Release|Any CPU
		{372B6505-3F0B-4282-8F64-A8131FFCD3AD}.CD_ROM|Any CPU.Build.0 = Release|Any CPU
		{372B6505-3F0B-4282-8F64-A8131FFCD3AD}.Debug|Any CPU.ActiveCfg = Debug|Any CPU
		{372B6505-3F0B-4282-8F64-A8131FFCD3AD}.Debug|Any CPU.Build.0 = Debug|Any CPU
		{372B6505-3F0B-4282-8F64-A8131FFCD3AD}.DVD-5|Any CPU.ActiveCfg = Debug|Any CPU
		{372B6505-3F0B-4282-8F64-A8131FFCD3AD}.DVD-5|Any CPU.Build.0 = Debug|Any CPU
		{372B6505-3F0B-4282-8F64-A8131FFCD3AD}.Release|Any CPU.ActiveCfg = Release|Any CPU
		{372B6505-3F0B-4282-8F64-A8131FFCD3AD}.Release|Any CPU.Build.0 = Release|Any CPU
		{372B6505-3F0B-4282-8F64-A8131FFCD3AD}.SingleImage|Any CPU.ActiveCfg = Release|Any CPU
		{372B6505-3F0B-4282-8F64-A8131FFCD3AD}.SingleImage|Any CPU.Build.0 = Release|Any CPU
		{B0EA8B55-9B9F-4DF2-9FFD-01D451F95650}.CD_ROM|Any CPU.ActiveCfg = CD_ROM
		{B0EA8B55-9B9F-4DF2-9FFD-01D451F95650}.CD_ROM|Any CPU.Build.0 = CD_ROM
		{B0EA8B55-9B9F-4DF2-9FFD-01D451F95650}.Debug|Any CPU.ActiveCfg = DVD-5
		{B0EA8B55-9B9F-4DF2-9FFD-01D451F95650}.Debug|Any CPU.Build.0 = DVD-5
		{B0EA8B55-9B9F-4DF2-9FFD-01D451F95650}.DVD-5|Any CPU.ActiveCfg = DVD-5
		{B0EA8B55-9B9F-4DF2-9FFD-01D451F95650}.DVD-5|Any CPU.Build.0 = DVD-5
		{B0EA8B55-9B9F-4DF2-9FFD-01D451F95650}.Release|Any CPU.ActiveCfg = SingleImage
		{B0EA8B55-9B9F-4DF2-9FFD-01D451F95650}.Release|Any CPU.Build.0 = SingleImage
		{B0EA8B55-9B9F-4DF2-9FFD-01D451F95650}.SingleImage|Any CPU.ActiveCfg = SingleImage
		{B0EA8B55-9B9F-4DF2-9FFD-01D451F95650}.SingleImage|Any CPU.Build.0 = SingleImage
		{E5718633-C276-486B-AA6A-CE089CB95480}.CD_ROM|Any CPU.ActiveCfg = Release|Any CPU
		{E5718633-C276-486B-AA6A-CE089CB95480}.CD_ROM|Any CPU.Build.0 = Release|Any CPU
		{E5718633-C276-486B-AA6A-CE089CB95480}.Debug|Any CPU.ActiveCfg = Debug|Any CPU
		{E5718633-C276-486B-AA6A-CE089CB95480}.Debug|Any CPU.Build.0 = Debug|Any CPU
		{E5718633-C276-486B-AA6A-CE089CB95480}.DVD-5|Any CPU.ActiveCfg = Debug|Any CPU
		{E5718633-C276-486B-AA6A-CE089CB95480}.DVD-5|Any CPU.Build.0 = Debug|Any CPU
		{E5718633-C276-486B-AA6A-CE089CB95480}.Release|Any CPU.ActiveCfg = Release|Any CPU
		{E5718633-C276-486B-AA6A-CE089CB95480}.Release|Any CPU.Build.0 = Release|Any CPU
		{E5718633-C276-486B-AA6A-CE089CB95480}.SingleImage|Any CPU.ActiveCfg = Release|Any CPU
		{E5718633-C276-486B-AA6A-CE089CB95480}.SingleImage|Any CPU.Build.0 = Release|Any CPU
		{6AF66CE9-51F5-4D04-BB36-2102C86DC323}.CD_ROM|Any CPU.ActiveCfg = Release|Any CPU
		{6AF66CE9-51F5-4D04-BB36-2102C86DC323}.CD_ROM|Any CPU.Build.0 = Release|Any CPU
		{6AF66CE9-51F5-4D04-BB36-2102C86DC323}.Debug|Any CPU.ActiveCfg = Debug|Any CPU
		{6AF66CE9-51F5-4D04-BB36-2102C86DC323}.Debug|Any CPU.Build.0 = Debug|Any CPU
		{6AF66CE9-51F5-4D04-BB36-2102C86DC323}.DVD-5|Any CPU.ActiveCfg = Debug|Any CPU
		{6AF66CE9-51F5-4D04-BB36-2102C86DC323}.DVD-5|Any CPU.Build.0 = Debug|Any CPU
		{6AF66CE9-51F5-4D04-BB36-2102C86DC323}.Release|Any CPU.ActiveCfg = Release|Any CPU
		{6AF66CE9-51F5-4D04-BB36-2102C86DC323}.Release|Any CPU.Build.0 = Release|Any CPU
		{6AF66CE9-51F5-4D04-BB36-2102C86DC323}.SingleImage|Any CPU.ActiveCfg = Release|Any CPU
		{6AF66CE9-51F5-4D04-BB36-2102C86DC323}.SingleImage|Any CPU.Build.0 = Release|Any CPU
	EndGlobalSection
	GlobalSection(SolutionProperties) = preSolution
		HideSolutionNode = FALSE
	EndGlobalSection
EndGlobal
